
Microsoft Visual Studio Solution File, Format Version 12.00
# Visual Studio 15
Project("{FAE04EC0-301F-11D3-BF4B-00C04F79EFBC}") = "Assembly-CSharp", "Assembly-CSharp.csproj", "{12656679-7994-49B9-782F-7BCDDB0EA32C}"
EndProject
Project("{FAE04EC0-301F-11D3-BF4B-00C04F79EFBC}") = "Assembly-CSharp-Editor", "Assembly-CSharp-Editor.csproj", "{33550F83-A27A-A6F9-F7C2-E6AC719F3D8B}"
EndProject
Project("{FAE04EC0-301F-11D3-BF4B-00C04F79EFBC}") = "Assembly-CSharp", "Assembly-CSharp.Player.csproj", "{1263091F-309B-8C40-57FC-80055D5EECB2}"
EndProject
Global
	GlobalSection(SolutionConfigurationPlatforms) = preSolution
		Debug|Any CPU = Debug|Any CPU
		Release|Any CPU = Release|Any CPU
	EndGlobalSection
	GlobalSection(ProjectConfigurationPlatforms) = postSolution
		{12656679-7994-49B9-782F-7BCDDB0EA32C}.Debug|Any CPU.ActiveCfg = Debug|Any CPU
		{12656679-7994-49B9-782F-7BCDDB0EA32C}.Debug|Any CPU.Build.0 = Debug|Any CPU
		{12656679-7994-49B9-782F-7BCDDB0EA32C}.Release|Any CPU.ActiveCfg = Release|Any CPU
		{12656679-7994-49B9-782F-7BCDDB0EA32C}.Release|Any CPU.Build.0 = Release|Any CPU
		{33550F83-A27A-A6F9-F7C2-E6AC719F3D8B}.Debug|Any CPU.ActiveCfg = Debug|Any CPU
		{33550F83-A27A-A6F9-F7C2-E6AC719F3D8B}.Debug|Any CPU.Build.0 = Debug|Any CPU
		{33550F83-A27A-A6F9-F7C2-E6AC719F3D8B}.Release|Any CPU.ActiveCfg = Release|Any CPU
		{33550F83-A27A-A6F9-F7C2-E6AC719F3D8B}.Release|Any CPU.Build.0 = Release|Any CPU
		{1263091F-309B-8C40-57FC-80055D5EECB2}.Debug|Any CPU.ActiveCfg = Debug|Any CPU
		{1263091F-309B-8C40-57FC-80055D5EECB2}.Debug|Any CPU.Build.0 = Debug|Any CPU
		{1263091F-309B-8C40-57FC-80055D5EECB2}.Release|Any CPU.ActiveCfg = Release|Any CPU
		{1263091F-309B-8C40-57FC-80055D5EECB2}.Release|Any CPU.Build.0 = Release|Any CPU
	EndGlobalSection
	GlobalSection(SolutionProperties) = preSolution
		HideSolutionNode = FALSE
	EndGlobalSection
EndGlobal
